
Microsoft Visual Studio Solution File, Format Version 12.00
# Visual Studio Version 16
VisualStudioVersion = 16.0.30413.136
MinimumVisualStudioVersion = 10.0.40219.1
Project("{FAE04EC0-301F-11D3-BF4B-00C04F79EFBC}") = "HotelReservationSystemProblem-Workshop", "HotelReservationSystemProblem-Workshop\HotelReservationSystemProblem-Workshop.csproj", "{1876C88C-0976-4CF4-9B4D-22FB2F32812A}"
EndProject
Project("{FAE04EC0-301F-11D3-BF4B-00C04F79EFBC}") = "HotelReservationMsUnitTest", "HotelReservationMsUnitTest\HotelReservationMsUnitTest.csproj", "{6706C71C-C58D-4DAF-8000-3AFDBAFDDBE2}"
EndProject
Global
	GlobalSection(SolutionConfigurationPlatforms) = preSolution
		Debug|Any CPU = Debug|Any CPU
		Release|Any CPU = Release|Any CPU
	EndGlobalSection
	GlobalSection(ProjectConfigurationPlatforms) = postSolution
		{1876C88C-0976-4CF4-9B4D-22FB2F32812A}.Debug|Any CPU.ActiveCfg = Debug|Any CPU
		{1876C88C-0976-4CF4-9B4D-22FB2F32812A}.Debug|Any CPU.Build.0 = Debug|Any CPU
		{1876C88C-0976-4CF4-9B4D-22FB2F32812A}.Release|Any CPU.ActiveCfg = Release|Any CPU
		{1876C88C-0976-4CF4-9B4D-22FB2F32812A}.Release|Any CPU.Build.0 = Release|Any CPU
		{6706C71C-C58D-4DAF-8000-3AFDBAFDDBE2}.Debug|Any CPU.ActiveCfg = Debug|Any CPU
		{6706C71C-C58D-4DAF-8000-3AFDBAFDDBE2}.Debug|Any CPU.Build.0 = Debug|Any CPU
		{6706C71C-C58D-4DAF-8000-3AFDBAFDDBE2}.Release|Any CPU.ActiveCfg = Release|Any CPU
		{6706C71C-C58D-4DAF-8000-3AFDBAFDDBE2}.Release|Any CPU.Build.0 = Release|Any CPU
	EndGlobalSection
	GlobalSection(SolutionProperties) = preSolution
		HideSolutionNode = FALSE
	EndGlobalSection
	GlobalSection(ExtensibilityGlobals) = postSolution
		SolutionGuid = {6BB9F57C-ADDE-4134-8807-C91727EED155}
	EndGlobalSection
EndGlobal
